
Microsoft Visual Studio Solution File, Format Version 12.00
# Visual Studio 15
VisualStudioVersion = 15.0.27004.2005
MinimumVisualStudioVersion = 10.0.40219.1
Project("{FAE04EC0-301F-11D3-BF4B-00C04F79EFBC}") = "WinSwag", "WinSwag\WinSwag.csproj", "{A2159E59-036D-4A76-ACBB-637B3F574123}"
EndProject
Global
	GlobalSection(SolutionConfigurationPlatforms) = preSolution
		Debug|ARM = Debug|ARM
		Debug|x64 = Debug|x64
		Debug|x86 = Debug|x86
		Release|ARM = Release|ARM
		Release|x64 = Release|x64
		Release|x86 = Release|x86
	EndGlobalSection
	GlobalSection(ProjectConfigurationPlatforms) = postSolution
		{A2159E59-036D-4A76-ACBB-637B3F574123}.Debug|ARM.ActiveCfg = Debug|ARM
		{A2159E59-036D-4A76-ACBB-637B3F574123}.Debug|ARM.Build.0 = Debug|ARM
		{A2159E59-036D-4A76-ACBB-637B3F574123}.Debug|ARM.Deploy.0 = Debug|ARM
		{A2159E59-036D-4A76-ACBB-637B3F574123}.Debug|x64.ActiveCfg = Debug|x64
		{A2159E59-036D-4A76-ACBB-637B3F574123}.Debug|x64.Build.0 = Debug|x64
		{A2159E59-036D-4A76-ACBB-637B3F574123}.Debug|x64.Deploy.0 = Debug|x64
		{A2159E59-036D-4A76-ACBB-637B3F574123}.Debug|x86.ActiveCfg = Debug|x86
		{A2159E59-036D-4A76-ACBB-637B3F574123}.Debug|x86.Build.0 = Debug|x86
		{A2159E59-036D-4A76-ACBB-637B3F574123}.Debug|x86.Deploy.0 = Debug|x86
		{A2159E59-036D-4A76-ACBB-637B3F574123}.Release|ARM.ActiveCfg = Release|ARM
		{A2159E59-036D-4A76-ACBB-637B3F574123}.Release|ARM.Build.0 = Release|ARM
		{A2159E59-036D-4A76-ACBB-637B3F574123}.Release|ARM.Deploy.0 = Release|ARM
		{A2159E59-036D-4A76-ACBB-637B3F574123}.Release|x64.ActiveCfg = Release|x64
		{A2159E59-036D-4A76-ACBB-637B3F574123}.Release|x64.Build.0 = Release|x64
		{A2159E59-036D-4A76-ACBB-637B3F574123}.Release|x64.Deploy.0 = Release|x64
		{A2159E59-036D-4A76-ACBB-637B3F574123}.Release|x86.ActiveCfg = Release|x86
		{A2159E59-036D-4A76-ACBB-637B3F574123}.Release|x86.Build.0 = Release|x86
		{A2159E59-036D-4A76-ACBB-637B3F574123}.Release|x86.Deploy.0 = Release|x86
	EndGlobalSection
	GlobalSection(SolutionProperties) = preSolution
		HideSolutionNode = FALSE
	EndGlobalSection
	GlobalSection(ExtensibilityGlobals) = postSolution
		SolutionGuid = {55AEB488-1349-4212-A06F-96E5614C40BB}
	EndGlobalSection
EndGlobal
